// !$*UTF8*$!
{
	archiveVersion = 1;
	classes = {
	};
	objectVersion = 48;
	objects = {

/* Begin PBXBuildFile section */
		FA11361820AE2FE400670A40 /* AppDelegate.swift in Sources */ = {isa = PBXBuildFile; fileRef = FA11361720AE2FE400670A40 /* AppDelegate.swift */; };
		FA11361A20AE2FE400670A40 /* ViewController.swift in Sources */ = {isa = PBXBuildFile; fileRef = FA11361920AE2FE400670A40 /* ViewController.swift */; };
		FA11361D20AE2FE400670A40 /* Main.storyboard in Resources */ = {isa = PBXBuildFile; fileRef = FA11361B20AE2FE400670A40 /* Main.storyboard */; };
		FA11362020AE2FE400670A40 /* PickAndSaveImage.xcdatamodeld in Sources */ = {isa = PBXBuildFile; fileRef = FA11361E20AE2FE400670A40 /* PickAndSaveImage.xcdatamodeld */; };
		FA11362220AE2FE400670A40 /* Assets.xcassets in Resources */ = {isa = PBXBuildFile; fileRef = FA11362120AE2FE400670A40 /* Assets.xcassets */; };
		FA11362520AE2FE400670A40 /* LaunchScreen.storyboard in Resources */ = {isa = PBXBuildFile; fileRef = FA11362320AE2FE400670A40 /* LaunchScreen.storyboard */; };
/* End PBXBuildFile section */

/* Begin PBXFileReference section */
		FA11361420AE2FE400670A40 /* PickAndSaveImage.app */ = {isa = PBXFileReference; explicitFileType = wrapper.application; includeInIndex = 0; path = PickAndSaveImage.app; sourceTree = BUILT_PRODUCTS_DIR; };
		FA11361720AE2FE400670A40 /* AppDelegate.swift */ = {isa = PBXFileReference; lastKnownFileType = sourcecode.swift; path = AppDelegate.swift; sourceTree = "<group>"; };
		FA11361920AE2FE400670A40 /* ViewController.swift */ = {isa = PBXFileReference; lastKnownFileType = sourcecode.swift; path = ViewController.swift; sourceTree = "<group>"; };
		FA11361C20AE2FE400670A40 /* Base */ = {isa = PBXFileReference; lastKnownFileType = file.storyboard; name = Base; path = Base.lproj/Main.storyboard; sourceTree = "<group>"; };
		FA11361F20AE2FE400670A40 /* PickAndSaveImage.xcdatamodel */ = {isa = PBXFileReference; lastKnownFileType = wrapper.xcdatamodel; path = PickAndSaveImage.xcdatamodel; sourceTree = "<group>"; };
		FA11362120AE2FE400670A40 /* Assets.xcassets */ = {isa = PBXFileReference; lastKnownFileType = folder.assetcatalog; path = Assets.xcassets; sourceTree = "<group>"; };
		FA11362420AE2FE400670A40 /* Base */ = {isa = PBXFileReference; lastKnownFileType = file.storyboard; name = Base; path = Base.lproj/LaunchScreen.storyboard; sourceTree = "<group>"; };
		FA11362620AE2FE400670A40 /* Info.plist */ = {isa = PBXFileReference; lastKnownFileType = text.plist.xml; path = Info.plist; sourceTree = "<group>"; };
/* End PBXFileReference section */

/* Begin PBXFrameworksBuildPhase section */
		FA11361120AE2FE400670A40 /* Frameworks */ = {
			isa = PBXFrameworksBuildPhase;
			buildActionMask = 2147483647;
			files = (
			);
			runOnlyForDeploymentPostprocessing = 0;
		};
/* End PBXFrameworksBuildPhase section */

/* Begin PBXGroup section */
		FA11360B20AE2FE400670A40 = {
			isa = PBXGroup;
			children = (
				FA11361620AE2FE400670A40 /* PickAndSaveImage */,
				FA11361520AE2FE400670A40 /* Products */,
			);
			sourceTree = "<group>";
		};
		FA11361520AE2FE400670A40 /* Products */ = {
			isa = PBXGroup;
			children = (
				FA11361420AE2FE400670A40 /* PickAndSaveImage.app */,
			);
			name = Products;
			sourceTree = "<group>";
		};
		FA11361620AE2FE400670A40 /* PickAndSaveImage */ = {
			isa = PBXGroup;
			children = (
				FA11361720AE2FE400670A40 /* AppDelegate.swift */,
				FA11361920AE2FE400670A40 /* ViewController.swift */,
				FA11361B20AE2FE400670A40 /* Main.storyboard */,
				FA11362120AE2FE400670A40 /* Assets.xcassets */,
				FA11362320AE2FE400670A40 /* LaunchScreen.storyboard */,
				FA11362620AE2FE400670A40 /* Info.plist */,
				FA11361E20AE2FE400670A40 /* PickAndSaveImage.xcdatamodeld */,
			);
			path = PickAndSaveImage;
			sourceTree = "<group>";
		};
/* End PBXGroup section */

/* Begin PBXNativeTarget section */
		FA11361320AE2FE400670A40 /* PickAndSaveImage */ = {
			isa = PBXNativeTarget;
			buildConfigurationList = FA11362920AE2FE400670A40 /* Build configuration list for PBXNativeTarget "PickAndSaveImage" */;
			buildPhases = (
				FA11361020AE2FE400670A40 /* Sources */,
				FA11361120AE2FE400670A40 /* Frameworks */,
				FA11361220AE2FE400670A40 /* Resources */,
			);
			buildRules = (
			);
			dependencies = (
			);
			name = PickAndSaveImage;
			productName = PickAndSaveImage;
			productReference = FA11361420AE2FE400670A40 /* PickAndSaveImage.app */;
			productType = "com.apple.product-type.application";
		};
/* End PBXNativeTarget section */

/* Begin PBXProject section */
		FA11360C20AE2FE400670A40 /* Project object */ = {
			isa = PBXProject;
			attributes = {
				LastSwiftUpdateCheck = 0920;
				LastUpgradeCheck = 0920;
				ORGANIZATIONNAME = "Mostafizur Rahman";
				TargetAttributes = {
					FA11361320AE2FE400670A40 = {
						CreatedOnToolsVersion = 9.2;
						ProvisioningStyle = Automatic;
					};
				};
			};
			buildConfigurationList = FA11360F20AE2FE400670A40 /* Build configuration list for PBXProject "PickAndSaveImage" */;
			compatibilityVersion = "Xcode 8.0";
			developmentRegion = en;
			hasScannedForEncodings = 0;
			knownRegions = (
				en,
				Base,
			);
			mainGroup = FA11360B20AE2FE400670A40;
			productRefGroup = FA11361520AE2FE400670A40 /* Products */;
			projectDirPath = "";
			projectRoot = "";
			targets = (
				FA11361320AE2FE400670A40 /* PickAndSaveImage */,
			);
		};
/* End PBXProject section */

/* Begin PBXResourcesBuildPhase section */
		FA11361220AE2FE400670A40 /* Resources */ = {
			isa = PBXResourcesBuildPhase;
			buildActionMask = 2147483647;
			files = (
				FA11362520AE2FE400670A40 /* LaunchScreen.storyboard in Resources */,
				FA11362220AE2FE400670A40 /* Assets.xcassets in Resources */,
				FA11361D20AE2FE400670A40 /* Main.storyboard in Resources */,
			);
			runOnlyForDeploymentPostprocessing = 0;
		};
/* End PBXResourcesBuildPhase section */

/* Begin PBXSourcesBuildPhase section */
		FA11361020AE2FE400670A40 /* Sources */ = {
			isa = PBXSourcesBuildPhase;
			buildActionMask = 2147483647;
			files = (
				FA11362020AE2FE400670A40 /* PickAndSaveImage.xcdatamodeld in Sources */,
				FA11361A20AE2FE400670A40 /* ViewController.swift in Sources */,
				FA11361820AE2FE400670A40 /* AppDelegate.swift in Sources */,
			);
			runOnlyForDeploymentPostprocessing = 0;
		};
/* End PBXSourcesBuildPhase section */

/* Begin PBXVariantGroup section */
		FA11361B20AE2FE400670A40 /* Main.storyboard */ = {
			isa = PBXVariantGroup;
			children = (
				FA11361C20AE2FE400670A40 /* Base */,
			);
			name = Main.storyboard;
			sourceTree = "<group>";
		};
		FA11362320AE2FE400670A40 /* LaunchScreen.storyboard */ = {
			isa = PBXVariantGroup;
			children = (
				FA11362420AE2FE400670A40 /* Base */,
			);
			name = LaunchScreen.storyboard;
			sourceTree = "<group>";
		};
/* End PBXVariantGroup section */

/* Begin XCBuildConfiguration section */
		FA11362720AE2FE400670A40 /* Debug */ = {
			isa = XCBuildConfiguration;
			buildSettings = {
				ALWAYS_SEARCH_USER_PATHS = NO;
				CLANG_ANALYZER_NONNULL = YES;
				CLANG_ANALYZER_NUMBER_OBJECT_CONVERSION = YES_AGGRESSIVE;
				CLANG_CXX_LANGUAGE_STANDARD = "gnu++14";
				CLANG_CXX_LIBRARY = "libc++";
				CLANG_ENABLE_MODULES = YES;
				CLANG_ENABLE_OBJC_ARC = YES;
				CLANG_WARN_BLOCK_CAPTURE_AUTORELEASING = YES;
				CLANG_WARN_BOOL_CONVERSION = YES;
				CLANG_WARN_COMMA = YES;
				CLANG_WARN_CONSTANT_CONVERSION = YES;
				CLANG_WARN_DIRECT_OBJC_ISA_USAGE = YES_ERROR;
				CLANG_WARN_DOCUMENTATION_COMMENTS = YES;
				CLANG_WARN_EMPTY_BODY = YES;
				CLANG_WARN_ENUM_CONVERSION = YES;
				CLANG_WARN_INFINITE_RECURSION = YES;
				CLANG_WARN_INT_CONVERSION = YES;
				CLANG_WARN_NON_LITERAL_NULL_CONVERSION = YES;
				CLANG_WARN_OBJC_LITERAL_CONVERSION = YES;
				CLANG_WARN_OBJC_ROOT_CLASS = YES_ERROR;
				CLANG_WARN_RANGE_LOOP_ANALYSIS = YES;
				CLANG_WARN_STRICT_PROTOTYPES = YES;
				CLANG_WARN_SUSPICIOUS_MOVE = YES;
				CLANG_WARN_UNGUARDED_AVAILABILITY = YES_AGGRESSIVE;
				CLANG_WARN_UNREACHABLE_CODE = YES;
				CLANG_WARN__DUPLICATE_METHOD_MATCH = YES;
				CODE_SIGN_IDENTITY = "iPhone Developer";
				COPY_PHASE_STRIP = NO;
				DEBUG_INFORMATION_FORMAT = dwarf;
				ENABLE_STRICT_OBJC_MSGSEND = YES;
				ENABLE_TESTABILITY = YES;
				GCC_C_LANGUAGE_STANDARD = gnu11;
				GCC_DYNAMIC_NO_PIC = NO;
				GCC_NO_COMMON_BLOCKS = YES;
				GCC_OPTIMIZATION_LEVEL = 0;
				GCC_PREPROCESSOR_DEFINITIONS = (
					"DEBUG=1",
					"$(inherited)",
				);
				GCC_WARN_64_TO_32_BIT_CONVERSION = YES;
				GCC_WARN_ABOUT_RETURN_TYPE = YES_ERROR;
				GCC_WARN_UNDECLARED_SELECTOR = YES;
				GCC_WARN_UNINITIALIZED_AUTOS = YES_AGGRESSIVE;
				GCC_WARN_UNUSED_FUNCTION = YES;
				GCC_WARN_UNUSED_VARIABLE = YES;
				IPHONEOS_DEPLOYMENT_TARGET = 11.2;
				MTL_ENABLE_DEBUG_INFO = YES;
				ONLY_ACTIVE_ARCH = YES;
				SDKROOT = iphoneos;
				SWIFT_ACTIVE_COMPILATION_CONDITIONS = DEBUG;
				SWIFT_OPTIMIZATION_LEVEL = "-Onone";
			};
			name = Debug;
		};
		FA11362820AE2FE400670A40 /* Release */ = {
			isa = XCBuildConfiguration;
			buildSettings = {
				ALWAYS_SEARCH_USER_PATHS = NO;
				CLANG_ANALYZER_NONNULL = YES;
				CLANG_ANALYZER_NUMBER_OBJECT_CONVERSION = YES_AGGRESSIVE;
				CLANG_CXX_LANGUAGE_STANDARD = "gnu++14";
				CLANG_CXX_LIBRARY = "libc++";
				CLANG_ENABLE_MODULES = YES;
				CLANG_ENABLE_OBJC_ARC = YES;
				CLANG_WARN_BLOCK_CAPTURE_AUTORELEASING = YES;
				CLANG_WARN_BOOL_CONVERSION = YES;
				CLANG_WARN_COMMA = YES;
				CLANG_WARN_CONSTANT_CONVERSION = YES;
				CLANG_WARN_DIRECT_OBJC_ISA_USAGE = YES_ERROR;
				CLANG_WARN_DOCUMENTATION_COMMENTS = YES;
				CLANG_WARN_EMPTY_BODY = YES;
				CLANG_WARN_ENUM_CONVERSION = YES;
				CLANG_WARN_INFINITE_RECURSION = YES;
				CLANG_WARN_INT_CONVERSION = YES;
				CLANG_WARN_NON_LITERAL_NULL_CONVERSION = YES;
				CLANG_WARN_OBJC_LITERAL_CONVERSION = YES;
				CLANG_WARN_OBJC_ROOT_CLASS = YES_ERROR;
				CLANG_WARN_RANGE_LOOP_ANALYSIS = YES;
				CLANG_WARN_STRICT_PROTOTYPES = YES;
				CLANG_WARN_SUSPICIOUS_MOVE = YES;
				CLANG_WARN_UNGUARDED_AVAILABILITY = YES_AGGRESSIVE;
				CLANG_WARN_UNREACHABLE_CODE = YES;
				CLANG_WARN__DUPLICATE_METHOD_MATCH = YES;
				CODE_SIGN_IDENTITY = "iPhone Developer";
				COPY_PHASE_STRIP = NO;
				DEBUG_INFORMATION_FORMAT = "dwarf-with-dsym";
				ENABLE_NS_ASSERTIONS = NO;
				ENABLE_STRICT_OBJC_MSGSEND = YES;
				GCC_C_LANGUAGE_STANDARD = gnu11;
				GCC_NO_COMMON_BLOCKS = YES;
				GCC_WARN_64_TO_32_BIT_CONVERSION = YES;
				GCC_WARN_ABOUT_RETURN_TYPE = YES_ERROR;
				GCC_WARN_UNDECLARED_SELECTOR = YES;
				GCC_WARN_UNINITIALIZED_AUTOS = YES_AGGRESSIVE;
				GCC_WARN_UNUSED_FUNCTION = YES;
				GCC_WARN_UNUSED_VARIABLE = YES;
				IPHONEOS_DEPLOYMENT_TARGET = 11.2;
				MTL_ENABLE_DEBUG_INFO = NO;
				SDKROOT = iphoneos;
				SWIFT_OPTIMIZATION_LEVEL = "-Owholemodule";
				VALIDATE_PRODUCT = YES;
			};
			name = Release;
		};
		FA11362A20AE2FE400670A40 /* Debug */ = {
			isa = XCBuildConfiguration;
			buildSettings = {
				ASSETCATALOG_COMPILER_APPICON_NAME = AppIcon;
				CODE_SIGN_STYLE = Automatic;
				DEVELOPMENT_TEAM = 3ZKPWW7J5X;
				INFOPLIST_FILE = PickAndSaveImage/Info.plist;
				IPHONEOS_DEPLOYMENT_TARGET = 10.0;
				LD_RUNPATH_SEARCH_PATHS = "$(inherited) @executable_path/Frameworks";
				PRODUCT_BUNDLE_IDENTIFIER = com.mostafizur.PickAndSaveImage;
				PRODUCT_NAME = "$(TARGET_NAME)";
				SWIFT_VERSION = 4.0;
				TARGETED_DEVICE_FAMILY = "1,2";
			};
			name = Debug;
		};
		FA11362B20AE2FE400670A40 /* Release */ = {
			isa = XCBuildConfiguration;
			buildSettings = {
				ASSETCATALOG_COMPILER_APPICON_NAME = AppIcon;
				CODE_SIGN_STYLE = Automatic;
				DEVELOPMENT_TEAM = 3ZKPWW7J5X;
				INFOPLIST_FILE = PickAndSaveImage/Info.plist;
				IPHONEOS_DEPLOYMENT_TARGET = 10.0;
				LD_RUNPATH_SEARCH_PATHS = "$(inherited) @executable_path/Frameworks";
				PRODUCT_BUNDLE_IDENTIFIER = com.mostafizur.PickAndSaveImage;
				PRODUCT_NAME = "$(TARGET_NAME)";
				SWIFT_VERSION = 4.0;
				TARGETED_DEVICE_FAMILY = "1,2";
			};
			name = Release;
		};
/* End XCBuildConfiguration section */

/* Begin XCConfigurationList section */
		FA11360F20AE2FE400670A40 /* Build configuration list for PBXProject "PickAndSaveImage" */ = {
			isa = XCConfigurationList;
			buildConfigurations = (
				FA11362720AE2FE400670A40 /* Debug */,
				FA11362820AE2FE400670A40 /* Release */,
			);
			defaultConfigurationIsVisible = 0;
			defaultConfigurationName = Release;
		};
		FA11362920AE2FE400670A40 /* Build configuration list for PBXNativeTarget "PickAndSaveImage" */ = {
			isa = XCConfigurationList;
			buildConfigurations = (
				FA11362A20AE2FE400670A40 /* Debug */,
				FA11362B20AE2FE400670A40 /* Release */,
			);
			defaultConfigurationIsVisible = 0;
			defaultConfigurationName = Release;
		};
/* End XCConfigurationList section */

/* Begin XCVersionGroup section */
		FA11361E20AE2FE400670A40 /* PickAndSaveImage.xcdatamodeld */ = {
			isa = XCVersionGroup;
			children = (
				FA11361F20AE2FE400670A40 /* PickAndSaveImage.xcdatamodel */,
			);
			currentVersion = FA11361F20AE2FE400670A40 /* PickAndSaveImage.xcdatamodel */;
			path = PickAndSaveImage.xcdatamodeld;
			sourceTree = "<group>";
			versionGroupType = wrapper.xcdatamodel;
		};
/* End XCVersionGroup section */
	};
	rootObject = FA11360C20AE2FE400670A40 /* Project object */;
}
